<?xml version="1.0" encoding="UTF-8" standalone="yes" ?>
<CodeBlocks_project_file>
	<FileVersion major="1" minor="6" />
	<Project>
		<Option title="Personal Diary Term Project" />
		<Option pch_mode="2" />
		<Option compiler="gcc" />
		<Build>
			<Target title="Debug">
				<Option output="bin/Debug/Personal Diary Term Project" prefix_auto="1" extension_auto="1" />
				<Option object_output="obj/Debug/" />
				<Option type="1" />
				<Option compiler="gcc" />
				<Compiler>
					<Add option="-g" />
				</Compiler>
				<Linker>
					<Add library="glut32" />
					<Add library="opengl32" />
					<Add library="glu32" />
					<Add library="glaux" />
				</Linker>
			</Target>
			<Target title="Release">
				<Option output="bin/Release/Personal Diary Term Project" prefix_auto="1" extension_auto="1" />
				<Option object_output="obj/Release/" />
				<Option type="1" />
				<Option compiler="gcc" />
				<Compiler>
					<Add option="-O2" />
				</Compiler>
				<Linker>
					<Add option="-s" />
				</Linker>
			</Target>
		</Build>
		<Compiler>
			<Add option="-Wall" />
			<Add option="-fexceptions" />
		</Compiler>
		<Unit filename="HAPPY.bmp" />
		<Unit filename="OK.bmp" />
		<Unit filename="PASSWORD.txt" />
		<Unit filename="SAD.bmp" />
		<Unit filename="TextureList.h" />
		<Unit filename="beach.bmp" />
		<Unit filename="chatting.bmp" />
		<Unit filename="concert.bmp" />
		<Unit filename="cooking.bmp" />
		<Unit filename="cricket.bmp" />
		<Unit filename="experiment.bmp" />
		<Unit filename="football.bmp" />
		<Unit filename="friends.bmp" />
		<Unit filename="gaming.bmp" />
		<Unit filename="gardening.bmp" />
		<Unit filename="glaux.h" />
		<Unit filename="glut.h" />
		<Unit filename="good meal.bmp" />
		<Unit filename="hangout.bmp" />
		<Unit filename="hiking.bmp" />
		<Unit filename="iGraphics.h" />
		<Unit filename="iMain.cpp" />
		<Unit filename="jogging.bmp" />
		<Unit filename="movies.bmp" />
		<Unit filename="music.bmp" />
		<Unit filename="networking.bmp" />
		<Unit filename="painting.bmp" />
		<Unit filename="party.bmp" />
		<Unit filename="photography.bmp" />
		<Unit filename="read for joy.bmp" />
		<Unit filename="relax.bmp" />
		<Unit filename="school.bmp" />
		<Unit filename="shoppping.bmp" />
		<Unit filename="study.bmp" />
		<Unit filename="swimmimg.jpg" />
		<Unit filename="texture.h" />
		<Unit filename="travel.bmp" />
		<Unit filename="user ID.txt" />
		<Unit filename="user name.txt" />
		<Unit filename="work.bmp" />
		<Unit filename="workout.bmp" />
		<Unit filename="writing.bmp" />
		<Extensions>
			<code_completion />
			<envvars />
			<debugger />
		</Extensions>
	</Project>
</CodeBlocks_project_file>
